
Microsoft Visual Studio Solution File, Format Version 12.00
# Visual Studio Version 16
VisualStudioVersion = 16.0.30804.86
MinimumVisualStudioVersion = 10.0.40219.1
Project("{FAE04EC0-301F-11D3-BF4B-00C04F79EFBC}") = "login_api", "login_api\login_api.csproj", "{B388159C-E417-4381-B746-2E5390225FAE}"
EndProject
Project("{FAE04EC0-301F-11D3-BF4B-00C04F79EFBC}") = "login_service", "login_service\login_service.csproj", "{95781118-0C92-47F9-A255-2F430A102385}"
EndProject
Project("{FAE04EC0-301F-11D3-BF4B-00C04F79EFBC}") = "login_infrastructure", "login_data\login_infrastructure.csproj", "{173F941F-AB1A-4EC6-83E3-1C1947AE2713}"
EndProject
Global
	GlobalSection(SolutionConfigurationPlatforms) = preSolution
		Debug|Any CPU = Debug|Any CPU
		Release|Any CPU = Release|Any CPU
	EndGlobalSection
	GlobalSection(ProjectConfigurationPlatforms) = postSolution
		{B388159C-E417-4381-B746-2E5390225FAE}.Debug|Any CPU.ActiveCfg = Debug|Any CPU
		{B388159C-E417-4381-B746-2E5390225FAE}.Debug|Any CPU.Build.0 = Debug|Any CPU
		{B388159C-E417-4381-B746-2E5390225FAE}.Release|Any CPU.ActiveCfg = Release|Any CPU
		{B388159C-E417-4381-B746-2E5390225FAE}.Release|Any CPU.Build.0 = Release|Any CPU
		{95781118-0C92-47F9-A255-2F430A102385}.Debug|Any CPU.ActiveCfg = Debug|Any CPU
		{95781118-0C92-47F9-A255-2F430A102385}.Debug|Any CPU.Build.0 = Debug|Any CPU
		{95781118-0C92-47F9-A255-2F430A102385}.Release|Any CPU.ActiveCfg = Release|Any CPU
		{95781118-0C92-47F9-A255-2F430A102385}.Release|Any CPU.Build.0 = Release|Any CPU
		{173F941F-AB1A-4EC6-83E3-1C1947AE2713}.Debug|Any CPU.ActiveCfg = Debug|Any CPU
		{173F941F-AB1A-4EC6-83E3-1C1947AE2713}.Debug|Any CPU.Build.0 = Debug|Any CPU
		{173F941F-AB1A-4EC6-83E3-1C1947AE2713}.Release|Any CPU.ActiveCfg = Release|Any CPU
		{173F941F-AB1A-4EC6-83E3-1C1947AE2713}.Release|Any CPU.Build.0 = Release|Any CPU
	EndGlobalSection
	GlobalSection(SolutionProperties) = preSolution
		HideSolutionNode = FALSE
	EndGlobalSection
	GlobalSection(ExtensibilityGlobals) = postSolution
		SolutionGuid = {2C6F6CF5-AE39-4903-A066-94BBD36C4440}
	EndGlobalSection
EndGlobal
